PODS:
  - KDCalendar (1.8.9):
    - KDCalendar/EventManager (= 1.8.9)
  - KDCalendar/EventManager (1.8.9)
  - SwiftLint (0.43.1)

DEPENDENCIES:
  - KDCalendar (~> 1.8.9)
  - SwiftLint

SPEC REPOS:
  trunk:
    - KDCalendar
    - SwiftLint

SPEC CHECKSUMS:
  KDCalendar: a587bc486b992d82ef94bd04001fce9baf45e518
  SwiftLint: 99f82d07b837b942dd563c668de129a03fc3fb52

PODFILE CHECKSUM: bb73eb3dde321d34b60ae9e00ab2cb56f8106a38

COCOAPODS: 1.10.1
