// !$*UTF8*$!
{
	archiveVersion = 1;
	classes = {
	};
	objectVersion = 51;
	objects = {

/* Begin PBXBuildFile section */
		59C400ECA95DA5BE0939EA53 /* Pods_Rosa.framework in Frameworks */ = {isa = PBXBuildFile; fileRef = C374A870328953E5950C01F1 /* Pods_Rosa.framework */; };
		7A14BDFD265EA6A300ED17E2 /* SuccessPopUpView.swift in Sources */ = {isa = PBXBuildFile; fileRef = 7A14BDFC265EA6A300ED17E2 /* SuccessPopUpView.swift */; };
		7A14BDFF265EA8CB00ED17E2 /* UIView+Message.swift in Sources */ = {isa = PBXBuildFile; fileRef = 7A14BDFE265EA8CB00ED17E2 /* UIView+Message.swift */; };
		7A1C472C26557C0C00057CB4 /* PostViewController.swift in Sources */ = {isa = PBXBuildFile; fileRef = 7A1C472B26557C0C00057CB4 /* PostViewController.swift */; };
		7A1C472F26561F5500057CB4 /* ArticleCollectionViewCell.swift in Sources */ = {isa = PBXBuildFile; fileRef = 7A1C472E26561F5500057CB4 /* ArticleCollectionViewCell.swift */; };
		7A20F636264CF4DA00019D3D /* UIColor+Extension.swift in Sources */ = {isa = PBXBuildFile; fileRef = 7A20F635264CF4DA00019D3D /* UIColor+Extension.swift */; };
		7A247B062651206C00E436D6 /* WeatherTableViewCell.swift in Sources */ = {isa = PBXBuildFile; fileRef = 7A247B052651206C00E436D6 /* WeatherTableViewCell.swift */; };
		7A247B08265120F200E436D6 /* RoutineTableViewCell.swift in Sources */ = {isa = PBXBuildFile; fileRef = 7A247B07265120F200E436D6 /* RoutineTableViewCell.swift */; };
		7A247B0A2651210200E436D6 /* PhotoTableViewCell.swift in Sources */ = {isa = PBXBuildFile; fileRef = 7A247B092651210200E436D6 /* PhotoTableViewCell.swift */; };
		7A247B0C2651215800E436D6 /* StatusTableViewCell.swift in Sources */ = {isa = PBXBuildFile; fileRef = 7A247B0B2651215800E436D6 /* StatusTableViewCell.swift */; };
		7A247B0E2651216500E436D6 /* MealTableViewCell.swift in Sources */ = {isa = PBXBuildFile; fileRef = 7A247B0D2651216500E436D6 /* MealTableViewCell.swift */; };
		7A247B102651218D00E436D6 /* ActivityTableViewCell.swift in Sources */ = {isa = PBXBuildFile; fileRef = 7A247B0F2651218D00E436D6 /* ActivityTableViewCell.swift */; };
		7A247B122651219C00E436D6 /* RemarkTableViewCell.swift in Sources */ = {isa = PBXBuildFile; fileRef = 7A247B112651219C00E436D6 /* RemarkTableViewCell.swift */; };
		7A2C2E79264D59EA0078EBA2 /* HomeCollectionViewCell.swift in Sources */ = {isa = PBXBuildFile; fileRef = 7A2C2E78264D59EA0078EBA2 /* HomeCollectionViewCell.swift */; };
		7A2C2E7D264E28340078EBA2 /* HeaderCollectionReusableView.swift in Sources */ = {isa = PBXBuildFile; fileRef = 7A2C2E7C264E28340078EBA2 /* HeaderCollectionReusableView.swift */; };
		7A329BCD2662B1A800DE4630 /* ChartXAxisFormatter.swift in Sources */ = {isa = PBXBuildFile; fileRef = 7A329BCC2662B1A800DE4630 /* ChartXAxisFormatter.swift */; };
		7A37D6052652C4E9002DAAE4 /* ButtonsTableViewCell.swift in Sources */ = {isa = PBXBuildFile; fileRef = 7A37D6042652C4E9002DAAE4 /* ButtonsTableViewCell.swift */; };
		7A3E7F9826564CE6005F8768 /* GoogleService-Info.plist in Resources */ = {isa = PBXBuildFile; fileRef = 7A3E7F9726564CE6005F8768 /* GoogleService-Info.plist */; };
		7A3E7F9A2657A1F5005F8768 /* RecordManager.swift in Sources */ = {isa = PBXBuildFile; fileRef = 7A3E7F992657A1F5005F8768 /* RecordManager.swift */; };
		7A3E7F9C2657A279005F8768 /* Record.swift in Sources */ = {isa = PBXBuildFile; fileRef = 7A3E7F9B2657A279005F8768 /* Record.swift */; };
		7A3E7F9E2657A4AF005F8768 /* Challenge.swift in Sources */ = {isa = PBXBuildFile; fileRef = 7A3E7F9D2657A4AF005F8768 /* Challenge.swift */; };
		7A3E7FA02657A4B9005F8768 /* User.swift in Sources */ = {isa = PBXBuildFile; fileRef = 7A3E7F9F2657A4B9005F8768 /* User.swift */; };
		7A3E7FA22657A4CD005F8768 /* ChallengeManager.swift in Sources */ = {isa = PBXBuildFile; fileRef = 7A3E7FA12657A4CD005F8768 /* ChallengeManager.swift */; };
		7A3E7FA42657A4D8005F8768 /* UserManager.swift in Sources */ = {isa = PBXBuildFile; fileRef = 7A3E7FA32657A4D8005F8768 /* UserManager.swift */; };
		7A3E7FA62657A5F2005F8768 /* Article.swift in Sources */ = {isa = PBXBuildFile; fileRef = 7A3E7FA52657A5F2005F8768 /* Article.swift */; };
		7A44AE06265434830051781C /* WaterViewController.swift in Sources */ = {isa = PBXBuildFile; fileRef = 7A44AE05265434830051781C /* WaterViewController.swift */; };
		7A44AE08265434900051781C /* SleepViewController.swift in Sources */ = {isa = PBXBuildFile; fileRef = 7A44AE07265434900051781C /* SleepViewController.swift */; };
		7A475C732652BA1B00A26CF8 /* ChallengeCollectionViewCell.swift in Sources */ = {isa = PBXBuildFile; fileRef = 7A475C722652BA1B00A26CF8 /* ChallengeCollectionViewCell.swift */; };
		7A489FC92666865300B692A9 /* NoCommentCell.swift in Sources */ = {isa = PBXBuildFile; fileRef = 7A489FC82666865300B692A9 /* NoCommentCell.swift */; };
		7A559D7E2663E71900F73F06 /* ArticleManager.swift in Sources */ = {isa = PBXBuildFile; fileRef = 7A559D7D2663E71900F73F06 /* ArticleManager.swift */; };
		7A559D822664BED500F73F06 /* Lottie_girlWithFlowers.json in Resources */ = {isa = PBXBuildFile; fileRef = 7A559D812664BED500F73F06 /* Lottie_girlWithFlowers.json */; };
		7A5D9F842655571F007597A1 /* PhotoCell.swift in Sources */ = {isa = PBXBuildFile; fileRef = 7A5D9F832655571F007597A1 /* PhotoCell.swift */; };
		7A5D9F862655572D007597A1 /* ContentCell.swift in Sources */ = {isa = PBXBuildFile; fileRef = 7A5D9F852655572D007597A1 /* ContentCell.swift */; };
		7A5D9F8826555739007597A1 /* CommentCell.swift in Sources */ = {isa = PBXBuildFile; fileRef = 7A5D9F8726555739007597A1 /* CommentCell.swift */; };
		7A605D1C266F7CB5007BF42B /* bouncingBall.json in Resources */ = {isa = PBXBuildFile; fileRef = 7A605D1B266F7CB5007BF42B /* bouncingBall.json */; };
		7A6B01CD265168DD0018547E /* UIButton+Extension.swift in Sources */ = {isa = PBXBuildFile; fileRef = 7A6B01CC265168DD0018547E /* UIButton+Extension.swift */; };
		7A6B0510266E2E0A0047014C /* PopUpMessage.swift in Sources */ = {isa = PBXBuildFile; fileRef = 7A6B050F266E2E0A0047014C /* PopUpMessage.swift */; };
		7A6B0512266E2FC80047014C /* FloatingButton.swift in Sources */ = {isa = PBXBuildFile; fileRef = 7A6B0511266E2FC80047014C /* FloatingButton.swift */; };
		7A6B0516266E772E0047014C /* TutorialViewController.swift in Sources */ = {isa = PBXBuildFile; fileRef = 7A6B0515266E772E0047014C /* TutorialViewController.swift */; };
		7A7F1921266A22250058DA98 /* PrivacyViewController.swift in Sources */ = {isa = PBXBuildFile; fileRef = 7A7F1920266A22250058DA98 /* PrivacyViewController.swift */; };
		7A7F1925266A23D40058DA98 /* PrivacyTableViewCell.swift in Sources */ = {isa = PBXBuildFile; fileRef = 7A7F1924266A23D40058DA98 /* PrivacyTableViewCell.swift */; };
		7A7F1927266A6DAE0058DA98 /* SettingsViewController.swift in Sources */ = {isa = PBXBuildFile; fileRef = 7A7F1926266A6DAE0058DA98 /* SettingsViewController.swift */; };
		7A7F1929266A720D0058DA98 /* EditProfileViewController.swift in Sources */ = {isa = PBXBuildFile; fileRef = 7A7F1928266A720D0058DA98 /* EditProfileViewController.swift */; };
		7A7F192B266A775B0058DA98 /* EditPhotoTableViewCell.swift in Sources */ = {isa = PBXBuildFile; fileRef = 7A7F192A266A775B0058DA98 /* EditPhotoTableViewCell.swift */; };
		7A7F192D266A77710058DA98 /* EditNameTableViewCell.swift in Sources */ = {isa = PBXBuildFile; fileRef = 7A7F192C266A77710058DA98 /* EditNameTableViewCell.swift */; };
		7A7F192F266A7B2D0058DA98 /* EditNameViewController.swift in Sources */ = {isa = PBXBuildFile; fileRef = 7A7F192E266A7B2D0058DA98 /* EditNameViewController.swift */; };
		7A7F1931266A7B3B0058DA98 /* EditBlocklistViewController.swift in Sources */ = {isa = PBXBuildFile; fileRef = 7A7F1930266A7B3B0058DA98 /* EditBlocklistViewController.swift */; };
		7A7F1933266A7F5C0058DA98 /* EditBlocklistTableViewCell.swift in Sources */ = {isa = PBXBuildFile; fileRef = 7A7F1932266A7F5C0058DA98 /* EditBlocklistTableViewCell.swift */; };
		7A7F1935266A8A070058DA98 /* BlocklistTableViewCell.swift in Sources */ = {isa = PBXBuildFile; fileRef = 7A7F1934266A8A070058DA98 /* BlocklistTableViewCell.swift */; };
		7A8DB50A264BB62100EE6D9D /* AppDelegate.swift in Sources */ = {isa = PBXBuildFile; fileRef = 7A8DB509264BB62100EE6D9D /* AppDelegate.swift */; };
		7A8DB50C264BB62100EE6D9D /* SceneDelegate.swift in Sources */ = {isa = PBXBuildFile; fileRef = 7A8DB50B264BB62100EE6D9D /* SceneDelegate.swift */; };
		7A8DB50E264BB62100EE6D9D /* MainViewController.swift in Sources */ = {isa = PBXBuildFile; fileRef = 7A8DB50D264BB62100EE6D9D /* MainViewController.swift */; };
		7A8DB511264BB62100EE6D9D /* Main.storyboard in Resources */ = {isa = PBXBuildFile; fileRef = 7A8DB50F264BB62100EE6D9D /* Main.storyboard */; };
		7A8DB513264BB62100EE6D9D /* Assets.xcassets in Resources */ = {isa = PBXBuildFile; fileRef = 7A8DB512264BB62100EE6D9D /* Assets.xcassets */; };
		7A8DB516264BB62100EE6D9D /* LaunchScreen.storyboard in Resources */ = {isa = PBXBuildFile; fileRef = 7A8DB514264BB62100EE6D9D /* LaunchScreen.storyboard */; };
		7A9B1ACF264D18BD00B47009 /* CollectionViewCell.swift in Sources */ = {isa = PBXBuildFile; fileRef = 7A9B1ACE264D18BD00B47009 /* CollectionViewCell.swift */; };
		7AAFE48B264BE24B00A20324 /* Challenge.storyboard in Resources */ = {isa = PBXBuildFile; fileRef = 7AAFE48A264BE24B00A20324 /* Challenge.storyboard */; };
		7AAFE48D264BE25E00A20324 /* Record.storyboard in Resources */ = {isa = PBXBuildFile; fileRef = 7AAFE48C264BE25E00A20324 /* Record.storyboard */; };
		7AAFE491264BE27A00A20324 /* Calender.storyboard in Resources */ = {isa = PBXBuildFile; fileRef = 7AAFE490264BE27A00A20324 /* Calender.storyboard */; };
		7AAFE493264BE29100A20324 /* Articles.storyboard in Resources */ = {isa = PBXBuildFile; fileRef = 7AAFE492264BE29100A20324 /* Articles.storyboard */; };
		7AAFE499264BE3E800A20324 /* Profile.storyboard in Resources */ = {isa = PBXBuildFile; fileRef = 7AAFE498264BE3E800A20324 /* Profile.storyboard */; };
		7AAFE4A0264BE64600A20324 /* UIView+Extension.swift in Sources */ = {isa = PBXBuildFile; fileRef = 7AAFE49F264BE64600A20324 /* UIView+Extension.swift */; };
		7AAFE4A2264BE66E00A20324 /* UITableView+Extension.swift in Sources */ = {isa = PBXBuildFile; fileRef = 7AAFE4A1264BE66E00A20324 /* UITableView+Extension.swift */; };
		7AAFE4A4264BE6A900A20324 /* UICollectionView+Extension.swift in Sources */ = {isa = PBXBuildFile; fileRef = 7AAFE4A3264BE6A900A20324 /* UICollectionView+Extension.swift */; };
		7AAFE4A9264C02D400A20324 /* RecordViewController.swift in Sources */ = {isa = PBXBuildFile; fileRef = 7AAFE4A8264C02D400A20324 /* RecordViewController.swift */; };
		7AAFE4AC264C031A00A20324 /* ArticlesViewController.swift in Sources */ = {isa = PBXBuildFile; fileRef = 7AAFE4AB264C031A00A20324 /* ArticlesViewController.swift */; };
		7AAFE4AF264C035E00A20324 /* ProfileViewController.swift in Sources */ = {isa = PBXBuildFile; fileRef = 7AAFE4AE264C035E00A20324 /* ProfileViewController.swift */; };
		7AAFE4B2264C060200A20324 /* ChallengeViewController.swift in Sources */ = {isa = PBXBuildFile; fileRef = 7AAFE4B1264C060200A20324 /* ChallengeViewController.swift */; };
		7AAFE4B4264C09E500A20324 /* RecordDetailViewController.swift in Sources */ = {isa = PBXBuildFile; fileRef = 7AAFE4B3264C09E500A20324 /* RecordDetailViewController.swift */; };
		7AAFE4B7264C125300A20324 /* CalenderViewController.swift in Sources */ = {isa = PBXBuildFile; fileRef = 7AAFE4B6264C125300A20324 /* CalenderViewController.swift */; };
		7ACD13362655129300B177F2 /* FilterTableViewCell.swift in Sources */ = {isa = PBXBuildFile; fileRef = 7ACD13352655129300B177F2 /* FilterTableViewCell.swift */; };
		7ACD13382655320100B177F2 /* ArticleDetailViewController.swift in Sources */ = {isa = PBXBuildFile; fileRef = 7ACD13372655320100B177F2 /* ArticleDetailViewController.swift */; };
		7ACFDF7E2652E18B007B6B62 /* CalendarChallengeTableViewCell.swift in Sources */ = {isa = PBXBuildFile; fileRef = 7ACFDF7D2652E18B007B6B62 /* CalendarChallengeTableViewCell.swift */; };
		7AF6EDD92667C3D800F04200 /* Font.swift in Sources */ = {isa = PBXBuildFile; fileRef = 7AF6EDD82667C3D800F04200 /* Font.swift */; };
		7AFA8E52265952D600EFAE15 /* CalendarRecordTableViewCell.swift in Sources */ = {isa = PBXBuildFile; fileRef = 7AFA8E51265952D600EFAE15 /* CalendarRecordTableViewCell.swift */; };
		7AFE438B2660E86800F94330 /* Date+Extension.swift in Sources */ = {isa = PBXBuildFile; fileRef = 7AFE438A2660E86800F94330 /* Date+Extension.swift */; };
		7AFE438E26613B8200F94330 /* SignIn.storyboard in Resources */ = {isa = PBXBuildFile; fileRef = 7AFE438D26613B8200F94330 /* SignIn.storyboard */; };
		7AFE439126613BA700F94330 /* SignInViewController.swift in Sources */ = {isa = PBXBuildFile; fileRef = 7AFE439026613BA700F94330 /* SignInViewController.swift */; };
/* End PBXBuildFile section */

/* Begin PBXFileReference section */
		7A14BDFC265EA6A300ED17E2 /* SuccessPopUpView.swift */ = {isa = PBXFileReference; lastKnownFileType = sourcecode.swift; path = SuccessPopUpView.swift; sourceTree = "<group>"; };
		7A14BDFE265EA8CB00ED17E2 /* UIView+Message.swift */ = {isa = PBXFileReference; lastKnownFileType = sourcecode.swift; path = "UIView+Message.swift"; sourceTree = "<group>"; };
		7A1C472B26557C0C00057CB4 /* PostViewController.swift */ = {isa = PBXFileReference; lastKnownFileType = sourcecode.swift; path = PostViewController.swift; sourceTree = "<group>"; };
		7A1C472E26561F5500057CB4 /* ArticleCollectionViewCell.swift */ = {isa = PBXFileReference; lastKnownFileType = sourcecode.swift; path = ArticleCollectionViewCell.swift; sourceTree = "<group>"; };
		7A20F635264CF4DA00019D3D /* UIColor+Extension.swift */ = {isa = PBXFileReference; lastKnownFileType = sourcecode.swift; path = "UIColor+Extension.swift"; sourceTree = "<group>"; };
		7A247B052651206C00E436D6 /* WeatherTableViewCell.swift */ = {isa = PBXFileReference; lastKnownFileType = sourcecode.swift; path = WeatherTableViewCell.swift; sourceTree = "<group>"; };
		7A247B07265120F200E436D6 /* RoutineTableViewCell.swift */ = {isa = PBXFileReference; lastKnownFileType = sourcecode.swift; path = RoutineTableViewCell.swift; sourceTree = "<group>"; };
		7A247B092651210200E436D6 /* PhotoTableViewCell.swift */ = {isa = PBXFileReference; lastKnownFileType = sourcecode.swift; path = PhotoTableViewCell.swift; sourceTree = "<group>"; };
		7A247B0B2651215800E436D6 /* StatusTableViewCell.swift */ = {isa = PBXFileReference; lastKnownFileType = sourcecode.swift; path = StatusTableViewCell.swift; sourceTree = "<group>"; };
		7A247B0D2651216500E436D6 /* MealTableViewCell.swift */ = {isa = PBXFileReference; lastKnownFileType = sourcecode.swift; path = MealTableViewCell.swift; sourceTree = "<group>"; };
		7A247B0F2651218D00E436D6 /* ActivityTableViewCell.swift */ = {isa = PBXFileReference; lastKnownFileType = sourcecode.swift; path = ActivityTableViewCell.swift; sourceTree = "<group>"; };
		7A247B112651219C00E436D6 /* RemarkTableViewCell.swift */ = {isa = PBXFileReference; lastKnownFileType = sourcecode.swift; path = RemarkTableViewCell.swift; sourceTree = "<group>"; };
		7A2C2E78264D59EA0078EBA2 /* HomeCollectionViewCell.swift */ = {isa = PBXFileReference; lastKnownFileType = sourcecode.swift; path = HomeCollectionViewCell.swift; sourceTree = "<group>"; };
		7A2C2E7C264E28340078EBA2 /* HeaderCollectionReusableView.swift */ = {isa = PBXFileReference; lastKnownFileType = sourcecode.swift; path = HeaderCollectionReusableView.swift; sourceTree = "<group>"; };
		7A329BCC2662B1A800DE4630 /* ChartXAxisFormatter.swift */ = {isa = PBXFileReference; lastKnownFileType = sourcecode.swift; path = ChartXAxisFormatter.swift; sourceTree = "<group>"; };
		7A37D6042652C4E9002DAAE4 /* ButtonsTableViewCell.swift */ = {isa = PBXFileReference; lastKnownFileType = sourcecode.swift; path = ButtonsTableViewCell.swift; sourceTree = "<group>"; };
		7A3E7F9726564CE6005F8768 /* GoogleService-Info.plist */ = {isa = PBXFileReference; fileEncoding = 4; lastKnownFileType = text.plist.xml; path = "GoogleService-Info.plist"; sourceTree = "<group>"; };
		7A3E7F992657A1F5005F8768 /* RecordManager.swift */ = {isa = PBXFileReference; lastKnownFileType = sourcecode.swift; path = RecordManager.swift; sourceTree = "<group>"; };
		7A3E7F9B2657A279005F8768 /* Record.swift */ = {isa = PBXFileReference; lastKnownFileType = sourcecode.swift; path = Record.swift; sourceTree = "<group>"; };
		7A3E7F9D2657A4AF005F8768 /* Challenge.swift */ = {isa = PBXFileReference; lastKnownFileType = sourcecode.swift; path = Challenge.swift; sourceTree = "<group>"; };
		7A3E7F9F2657A4B9005F8768 /* User.swift */ = {isa = PBXFileReference; lastKnownFileType = sourcecode.swift; path = User.swift; sourceTree = "<group>"; };
		7A3E7FA12657A4CD005F8768 /* ChallengeManager.swift */ = {isa = PBXFileReference; lastKnownFileType = sourcecode.swift; path = ChallengeManager.swift; sourceTree = "<group>"; };
		7A3E7FA32657A4D8005F8768 /* UserManager.swift */ = {isa = PBXFileReference; lastKnownFileType = sourcecode.swift; path = UserManager.swift; sourceTree = "<group>"; };
		7A3E7FA52657A5F2005F8768 /* Article.swift */ = {isa = PBXFileReference; lastKnownFileType = sourcecode.swift; path = Article.swift; sourceTree = "<group>"; };
		7A44AE05265434830051781C /* WaterViewController.swift */ = {isa = PBXFileReference; lastKnownFileType = sourcecode.swift; path = WaterViewController.swift; sourceTree = "<group>"; };
		7A44AE07265434900051781C /* SleepViewController.swift */ = {isa = PBXFileReference; lastKnownFileType = sourcecode.swift; path = SleepViewController.swift; sourceTree = "<group>"; };
		7A475C722652BA1B00A26CF8 /* ChallengeCollectionViewCell.swift */ = {isa = PBXFileReference; lastKnownFileType = sourcecode.swift; path = ChallengeCollectionViewCell.swift; sourceTree = "<group>"; };
		7A489FC82666865300B692A9 /* NoCommentCell.swift */ = {isa = PBXFileReference; lastKnownFileType = sourcecode.swift; path = NoCommentCell.swift; sourceTree = "<group>"; };
		7A559D7D2663E71900F73F06 /* ArticleManager.swift */ = {isa = PBXFileReference; lastKnownFileType = sourcecode.swift; path = ArticleManager.swift; sourceTree = "<group>"; };
		7A559D812664BED500F73F06 /* Lottie_girlWithFlowers.json */ = {isa = PBXFileReference; fileEncoding = 4; lastKnownFileType = text.json; name = Lottie_girlWithFlowers.json; path = Animations/Lottie_girlWithFlowers.json; sourceTree = SOURCE_ROOT; };
		7A5D9F832655571F007597A1 /* PhotoCell.swift */ = {isa = PBXFileReference; lastKnownFileType = sourcecode.swift; path = PhotoCell.swift; sourceTree = "<group>"; };
		7A5D9F852655572D007597A1 /* ContentCell.swift */ = {isa = PBXFileReference; lastKnownFileType = sourcecode.swift; path = ContentCell.swift; sourceTree = "<group>"; };
		7A5D9F8726555739007597A1 /* CommentCell.swift */ = {isa = PBXFileReference; lastKnownFileType = sourcecode.swift; path = CommentCell.swift; sourceTree = "<group>"; };
		7A605D1B266F7CB5007BF42B /* bouncingBall.json */ = {isa = PBXFileReference; fileEncoding = 4; lastKnownFileType = text.json; path = bouncingBall.json; sourceTree = "<group>"; };
		7A6B01CC265168DD0018547E /* UIButton+Extension.swift */ = {isa = PBXFileReference; lastKnownFileType = sourcecode.swift; path = "UIButton+Extension.swift"; sourceTree = "<group>"; };
		7A6B050F266E2E0A0047014C /* PopUpMessage.swift */ = {isa = PBXFileReference; lastKnownFileType = sourcecode.swift; path = PopUpMessage.swift; sourceTree = "<group>"; };
		7A6B0511266E2FC80047014C /* FloatingButton.swift */ = {isa = PBXFileReference; lastKnownFileType = sourcecode.swift; path = FloatingButton.swift; sourceTree = "<group>"; };
		7A6B0515266E772E0047014C /* TutorialViewController.swift */ = {isa = PBXFileReference; lastKnownFileType = sourcecode.swift; path = TutorialViewController.swift; sourceTree = "<group>"; };
		7A7F1920266A22250058DA98 /* PrivacyViewController.swift */ = {isa = PBXFileReference; lastKnownFileType = sourcecode.swift; path = PrivacyViewController.swift; sourceTree = "<group>"; };
		7A7F1924266A23D40058DA98 /* PrivacyTableViewCell.swift */ = {isa = PBXFileReference; lastKnownFileType = sourcecode.swift; path = PrivacyTableViewCell.swift; sourceTree = "<group>"; };
		7A7F1926266A6DAE0058DA98 /* SettingsViewController.swift */ = {isa = PBXFileReference; lastKnownFileType = sourcecode.swift; path = SettingsViewController.swift; sourceTree = "<group>"; };
		7A7F1928266A720D0058DA98 /* EditProfileViewController.swift */ = {isa = PBXFileReference; lastKnownFileType = sourcecode.swift; path = EditProfileViewController.swift; sourceTree = "<group>"; };
		7A7F192A266A775B0058DA98 /* EditPhotoTableViewCell.swift */ = {isa = PBXFileReference; lastKnownFileType = sourcecode.swift; path = EditPhotoTableViewCell.swift; sourceTree = "<group>"; };
		7A7F192C266A77710058DA98 /* EditNameTableViewCell.swift */ = {isa = PBXFileReference; lastKnownFileType = sourcecode.swift; path = EditNameTableViewCell.swift; sourceTree = "<group>"; };
		7A7F192E266A7B2D0058DA98 /* EditNameViewController.swift */ = {isa = PBXFileReference; lastKnownFileType = sourcecode.swift; path = EditNameViewController.swift; sourceTree = "<group>"; };
		7A7F1930266A7B3B0058DA98 /* EditBlocklistViewController.swift */ = {isa = PBXFileReference; lastKnownFileType = sourcecode.swift; path = EditBlocklistViewController.swift; sourceTree = "<group>"; };
		7A7F1932266A7F5C0058DA98 /* EditBlocklistTableViewCell.swift */ = {isa = PBXFileReference; lastKnownFileType = sourcecode.swift; path = EditBlocklistTableViewCell.swift; sourceTree = "<group>"; };
		7A7F1934266A8A070058DA98 /* BlocklistTableViewCell.swift */ = {isa = PBXFileReference; lastKnownFileType = sourcecode.swift; path = BlocklistTableViewCell.swift; sourceTree = "<group>"; };
		7A8DB506264BB62100EE6D9D /* Rosa.app */ = {isa = PBXFileReference; explicitFileType = wrapper.application; includeInIndex = 0; path = Rosa.app; sourceTree = BUILT_PRODUCTS_DIR; };
		7A8DB509264BB62100EE6D9D /* AppDelegate.swift */ = {isa = PBXFileReference; lastKnownFileType = sourcecode.swift; path = AppDelegate.swift; sourceTree = "<group>"; };
		7A8DB50B264BB62100EE6D9D /* SceneDelegate.swift */ = {isa = PBXFileReference; lastKnownFileType = sourcecode.swift; path = SceneDelegate.swift; sourceTree = "<group>"; };
		7A8DB50D264BB62100EE6D9D /* MainViewController.swift */ = {isa = PBXFileReference; lastKnownFileType = sourcecode.swift; path = MainViewController.swift; sourceTree = "<group>"; };
		7A8DB510264BB62100EE6D9D /* Base */ = {isa = PBXFileReference; lastKnownFileType = file.storyboard; name = Base; path = Base.lproj/Main.storyboard; sourceTree = "<group>"; };
		7A8DB512264BB62100EE6D9D /* Assets.xcassets */ = {isa = PBXFileReference; lastKnownFileType = folder.assetcatalog; path = Assets.xcassets; sourceTree = "<group>"; };
		7A8DB515264BB62100EE6D9D /* Base */ = {isa = PBXFileReference; lastKnownFileType = file.storyboard; name = Base; path = Base.lproj/LaunchScreen.storyboard; sourceTree = "<group>"; };
		7A8DB517264BB62100EE6D9D /* Info.plist */ = {isa = PBXFileReference; lastKnownFileType = text.plist.xml; path = Info.plist; sourceTree = "<group>"; };
		7A9B1ACE264D18BD00B47009 /* CollectionViewCell.swift */ = {isa = PBXFileReference; lastKnownFileType = sourcecode.swift; path = CollectionViewCell.swift; sourceTree = "<group>"; };
		7AAFE48A264BE24B00A20324 /* Challenge.storyboard */ = {isa = PBXFileReference; lastKnownFileType = file.storyboard; path = Challenge.storyboard; sourceTree = "<group>"; };
		7AAFE48C264BE25E00A20324 /* Record.storyboard */ = {isa = PBXFileReference; lastKnownFileType = file.storyboard; path = Record.storyboard; sourceTree = "<group>"; };
		7AAFE490264BE27A00A20324 /* Calender.storyboard */ = {isa = PBXFileReference; lastKnownFileType = file.storyboard; path = Calender.storyboard; sourceTree = "<group>"; };
		7AAFE492264BE29100A20324 /* Articles.storyboard */ = {isa = PBXFileReference; lastKnownFileType = file.storyboard; path = Articles.storyboard; sourceTree = "<group>"; };
		7AAFE498264BE3E800A20324 /* Profile.storyboard */ = {isa = PBXFileReference; lastKnownFileType = file.storyboard; path = Profile.storyboard; sourceTree = "<group>"; };
		7AAFE49F264BE64600A20324 /* UIView+Extension.swift */ = {isa = PBXFileReference; lastKnownFileType = sourcecode.swift; path = "UIView+Extension.swift"; sourceTree = "<group>"; };
		7AAFE4A1264BE66E00A20324 /* UITableView+Extension.swift */ = {isa = PBXFileReference; lastKnownFileType = sourcecode.swift; path = "UITableView+Extension.swift"; sourceTree = "<group>"; };
		7AAFE4A3264BE6A900A20324 /* UICollectionView+Extension.swift */ = {isa = PBXFileReference; lastKnownFileType = sourcecode.swift; path = "UICollectionView+Extension.swift"; sourceTree = "<group>"; };
		7AAFE4A8264C02D400A20324 /* RecordViewController.swift */ = {isa = PBXFileReference; lastKnownFileType = sourcecode.swift; path = RecordViewController.swift; sourceTree = "<group>"; };
		7AAFE4AB264C031A00A20324 /* ArticlesViewController.swift */ = {isa = PBXFileReference; lastKnownFileType = sourcecode.swift; path = ArticlesViewController.swift; sourceTree = "<group>"; };
		7AAFE4AE264C035E00A20324 /* ProfileViewController.swift */ = {isa = PBXFileReference; lastKnownFileType = sourcecode.swift; path = ProfileViewController.swift; sourceTree = "<group>"; };
		7AAFE4B1264C060200A20324 /* ChallengeViewController.swift */ = {isa = PBXFileReference; lastKnownFileType = sourcecode.swift; path = ChallengeViewController.swift; sourceTree = "<group>"; };
		7AAFE4B3264C09E500A20324 /* RecordDetailViewController.swift */ = {isa = PBXFileReference; lastKnownFileType = sourcecode.swift; path = RecordDetailViewController.swift; sourceTree = "<group>"; };
		7AAFE4B6264C125300A20324 /* CalenderViewController.swift */ = {isa = PBXFileReference; lastKnownFileType = sourcecode.swift; path = CalenderViewController.swift; sourceTree = "<group>"; };
		7ACD13352655129300B177F2 /* FilterTableViewCell.swift */ = {isa = PBXFileReference; lastKnownFileType = sourcecode.swift; path = FilterTableViewCell.swift; sourceTree = "<group>"; };
		7ACD13372655320100B177F2 /* ArticleDetailViewController.swift */ = {isa = PBXFileReference; lastKnownFileType = sourcecode.swift; path = ArticleDetailViewController.swift; sourceTree = "<group>"; };
		7ACFDF7D2652E18B007B6B62 /* CalendarChallengeTableViewCell.swift */ = {isa = PBXFileReference; lastKnownFileType = sourcecode.swift; path = CalendarChallengeTableViewCell.swift; sourceTree = "<group>"; };
		7AF6EDD82667C3D800F04200 /* Font.swift */ = {isa = PBXFileReference; lastKnownFileType = sourcecode.swift; path = Font.swift; sourceTree = "<group>"; };
		7AFA8E51265952D600EFAE15 /* CalendarRecordTableViewCell.swift */ = {isa = PBXFileReference; lastKnownFileType = sourcecode.swift; path = CalendarRecordTableViewCell.swift; sourceTree = "<group>"; };
		7AFE438A2660E86800F94330 /* Date+Extension.swift */ = {isa = PBXFileReference; lastKnownFileType = sourcecode.swift; path = "Date+Extension.swift"; sourceTree = "<group>"; };
		7AFE438C26613A1D00F94330 /* Rosa.entitlements */ = {isa = PBXFileReference; lastKnownFileType = text.plist.entitlements; path = Rosa.entitlements; sourceTree = "<group>"; };
		7AFE438D26613B8200F94330 /* SignIn.storyboard */ = {isa = PBXFileReference; lastKnownFileType = file.storyboard; path = SignIn.storyboard; sourceTree = "<group>"; };
		7AFE439026613BA700F94330 /* SignInViewController.swift */ = {isa = PBXFileReference; lastKnownFileType = sourcecode.swift; path = SignInViewController.swift; sourceTree = "<group>"; };
		C374A870328953E5950C01F1 /* Pods_Rosa.framework */ = {isa = PBXFileReference; explicitFileType = wrapper.framework; includeInIndex = 0; path = Pods_Rosa.framework; sourceTree = BUILT_PRODUCTS_DIR; };
		CBCA81D98234E9CED393A9B2 /* Pods-Rosa.debug.xcconfig */ = {isa = PBXFileReference; includeInIndex = 1; lastKnownFileType = text.xcconfig; name = "Pods-Rosa.debug.xcconfig"; path = "Target Support Files/Pods-Rosa/Pods-Rosa.debug.xcconfig"; sourceTree = "<group>"; };
		F1DF160F36CA96BCB712C384 /* Pods-Rosa.release.xcconfig */ = {isa = PBXFileReference; includeInIndex = 1; lastKnownFileType = text.xcconfig; name = "Pods-Rosa.release.xcconfig"; path = "Target Support Files/Pods-Rosa/Pods-Rosa.release.xcconfig"; sourceTree = "<group>"; };
/* End PBXFileReference section */

/* Begin PBXFrameworksBuildPhase section */
		7A8DB503264BB62100EE6D9D /* Frameworks */ = {
			isa = PBXFrameworksBuildPhase;
			buildActionMask = 2147483647;
			files = (
				59C400ECA95DA5BE0939EA53 /* Pods_Rosa.framework in Frameworks */,
			);
			runOnlyForDeploymentPostprocessing = 0;
		};
/* End PBXFrameworksBuildPhase section */

/* Begin PBXGroup section */
		7A1C472D26561F3200057CB4 /* Profile */ = {
			isa = PBXGroup;
			children = (
				7A1C472E26561F5500057CB4 /* ArticleCollectionViewCell.swift */,
				7A7F1934266A8A070058DA98 /* BlocklistTableViewCell.swift */,
				7A7F192A266A775B0058DA98 /* EditPhotoTableViewCell.swift */,
				7A7F192C266A77710058DA98 /* EditNameTableViewCell.swift */,
				7A7F1932266A7F5C0058DA98 /* EditBlocklistTableViewCell.swift */,
			);
			path = Profile;
			sourceTree = "<group>";
		};
		7A20F639264CFD2C00019D3D /* Articles */ = {
			isa = PBXGroup;
			children = (
				7A9B1ACE264D18BD00B47009 /* CollectionViewCell.swift */,
				7A5D9F832655571F007597A1 /* PhotoCell.swift */,
				7A5D9F852655572D007597A1 /* ContentCell.swift */,
				7A5D9F8726555739007597A1 /* CommentCell.swift */,
				7ACD13352655129300B177F2 /* FilterTableViewCell.swift */,
				7A489FC82666865300B692A9 /* NoCommentCell.swift */,
			);
			path = Articles;
			sourceTree = "<group>";
		};
		7A247B02264EB54F00E436D6 /* Record */ = {
			isa = PBXGroup;
			children = (
				7A247B052651206C00E436D6 /* WeatherTableViewCell.swift */,
				7A247B07265120F200E436D6 /* RoutineTableViewCell.swift */,
				7A247B092651210200E436D6 /* PhotoTableViewCell.swift */,
				7A247B0B2651215800E436D6 /* StatusTableViewCell.swift */,
				7A247B0D2651216500E436D6 /* MealTableViewCell.swift */,
				7A247B0F2651218D00E436D6 /* ActivityTableViewCell.swift */,
				7A247B112651219C00E436D6 /* RemarkTableViewCell.swift */,
				7A37D6042652C4E9002DAAE4 /* ButtonsTableViewCell.swift */,
			);
			path = Record;
			sourceTree = "<group>";
		};
		7A2C2E77264D59D90078EBA2 /* Home */ = {
			isa = PBXGroup;
			children = (
				7A2C2E78264D59EA0078EBA2 /* HomeCollectionViewCell.swift */,
				7A329BCC2662B1A800DE4630 /* ChartXAxisFormatter.swift */,
				7A2C2E7C264E28340078EBA2 /* HeaderCollectionReusableView.swift */,
			);
			path = Home;
			sourceTree = "<group>";
		};
		7A475C742652BA1E00A26CF8 /* Challenge */ = {
			isa = PBXGroup;
			children = (
				7A475C722652BA1B00A26CF8 /* ChallengeCollectionViewCell.swift */,
				7A14BDFC265EA6A300ED17E2 /* SuccessPopUpView.swift */,
			);
			path = Challenge;
			sourceTree = "<group>";
		};
		7A7F1923266A23AF0058DA98 /* SignIn */ = {
			isa = PBXGroup;
			children = (
				7A7F1924266A23D40058DA98 /* PrivacyTableViewCell.swift */,
			);
			path = SignIn;
			sourceTree = "<group>";
		};
		7A8DB4FD264BB62100EE6D9D = {
			isa = PBXGroup;
			children = (
				7A8DB508264BB62100EE6D9D /* Rosa */,
				7A8DB507264BB62100EE6D9D /* Products */,
				C218572EBDBE494507410825 /* Pods */,
				C09C60E96DB46533420E5524 /* Frameworks */,
			);
			sourceTree = "<group>";
		};
		7A8DB507264BB62100EE6D9D /* Products */ = {
			isa = PBXGroup;
			children = (
				7A8DB506264BB62100EE6D9D /* Rosa.app */,
			);
			name = Products;
			sourceTree = "<group>";
		};
		7A8DB508264BB62100EE6D9D /* Rosa */ = {
			isa = PBXGroup;
			children = (
				7AFE438C26613A1D00F94330 /* Rosa.entitlements */,
				7AAFE489264BCCFF00A20324 /* Extensions */,
				7AAFE488264BCCF000A20324 /* Resource */,
				7AAFE485264BCC7100A20324 /* Model */,
				7AAFE487264BCC7E00A20324 /* Controller */,
				7AAFE486264BCC7800A20324 /* View */,
				7A8DB509264BB62100EE6D9D /* AppDelegate.swift */,
				7A605D1B266F7CB5007BF42B /* bouncingBall.json */,
				7A559D812664BED500F73F06 /* Lottie_girlWithFlowers.json */,
				7A8DB50B264BB62100EE6D9D /* SceneDelegate.swift */,
				7A8DB514264BB62100EE6D9D /* LaunchScreen.storyboard */,
				7A8DB517264BB62100EE6D9D /* Info.plist */,
				7A3E7F9726564CE6005F8768 /* GoogleService-Info.plist */,
			);
			path = Rosa;
			sourceTree = "<group>";
		};
		7AAFE485264BCC7100A20324 /* Model */ = {
			isa = PBXGroup;
			children = (
				7A3E7F992657A1F5005F8768 /* RecordManager.swift */,
				7A559D7D2663E71900F73F06 /* ArticleManager.swift */,
				7A3E7FA12657A4CD005F8768 /* ChallengeManager.swift */,
				7A3E7FA32657A4D8005F8768 /* UserManager.swift */,
				7A3E7F9B2657A279005F8768 /* Record.swift */,
				7A3E7F9D2657A4AF005F8768 /* Challenge.swift */,
				7A3E7F9F2657A4B9005F8768 /* User.swift */,
				7A3E7FA52657A5F2005F8768 /* Article.swift */,
			);
			path = Model;
			sourceTree = "<group>";
		};
		7AAFE486264BCC7800A20324 /* View */ = {
			isa = PBXGroup;
			children = (
				7A7F1923266A23AF0058DA98 /* SignIn */,
				7A1C472D26561F3200057CB4 /* Profile */,
				7ACFDF7C2652E14F007B6B62 /* Calendar */,
				7A475C742652BA1E00A26CF8 /* Challenge */,
				7A2C2E77264D59D90078EBA2 /* Home */,
				7A247B02264EB54F00E436D6 /* Record */,
				7A20F639264CFD2C00019D3D /* Articles */,
				7A8DB50F264BB62100EE6D9D /* Main.storyboard */,
				7AFE438D26613B8200F94330 /* SignIn.storyboard */,
				7AAFE48C264BE25E00A20324 /* Record.storyboard */,
				7AAFE490264BE27A00A20324 /* Calender.storyboard */,
				7AAFE492264BE29100A20324 /* Articles.storyboard */,
				7AAFE498264BE3E800A20324 /* Profile.storyboard */,
				7AAFE48A264BE24B00A20324 /* Challenge.storyboard */,
			);
			path = View;
			sourceTree = "<group>";
		};
		7AAFE487264BCC7E00A20324 /* Controller */ = {
			isa = PBXGroup;
			children = (
				7AFE438F26613B8C00F94330 /* SignIn */,
				7AAFE4B5264C121500A20324 /* Calender */,
				7AAFE4B0264C05EE00A20324 /* Challenge */,
				7AAFE4AD264C034000A20324 /* Profile */,
				7AAFE4AA264C02FD00A20324 /* Articles */,
				7AAFE49E264BE45D00A20324 /* Home */,
				7AAFE4A7264C00F200A20324 /* Record */,
			);
			path = Controller;
			sourceTree = "<group>";
		};
		7AAFE488264BCCF000A20324 /* Resource */ = {
			isa = PBXGroup;
			children = (
				7A8DB512264BB62100EE6D9D /* Assets.xcassets */,
			);
			path = Resource;
			sourceTree = "<group>";
		};
		7AAFE489264BCCFF00A20324 /* Extensions */ = {
			isa = PBXGroup;
			children = (
				7AAFE49F264BE64600A20324 /* UIView+Extension.swift */,
				7A14BDFE265EA8CB00ED17E2 /* UIView+Message.swift */,
				7A6B01CC265168DD0018547E /* UIButton+Extension.swift */,
				7AAFE4A1264BE66E00A20324 /* UITableView+Extension.swift */,
				7AAFE4A3264BE6A900A20324 /* UICollectionView+Extension.swift */,
				7A20F635264CF4DA00019D3D /* UIColor+Extension.swift */,
				7AFE438A2660E86800F94330 /* Date+Extension.swift */,
				7AF6EDD82667C3D800F04200 /* Font.swift */,
			);
			path = Extensions;
			sourceTree = "<group>";
		};
		7AAFE49E264BE45D00A20324 /* Home */ = {
			isa = PBXGroup;
			children = (
				7A8DB50D264BB62100EE6D9D /* MainViewController.swift */,
			);
			path = Home;
			sourceTree = "<group>";
		};
		7AAFE4A7264C00F200A20324 /* Record */ = {
			isa = PBXGroup;
			children = (
				7AAFE4A8264C02D400A20324 /* RecordViewController.swift */,
				7AAFE4B3264C09E500A20324 /* RecordDetailViewController.swift */,
				7A44AE05265434830051781C /* WaterViewController.swift */,
				7A44AE07265434900051781C /* SleepViewController.swift */,
			);
			path = Record;
			sourceTree = "<group>";
		};
		7AAFE4AA264C02FD00A20324 /* Articles */ = {
			isa = PBXGroup;
			children = (
				7AAFE4AB264C031A00A20324 /* ArticlesViewController.swift */,
				7ACD13372655320100B177F2 /* ArticleDetailViewController.swift */,
				7A1C472B26557C0C00057CB4 /* PostViewController.swift */,
			);
			path = Articles;
			sourceTree = "<group>";
		};
		7AAFE4AD264C034000A20324 /* Profile */ = {
			isa = PBXGroup;
			children = (
				7AAFE4AE264C035E00A20324 /* ProfileViewController.swift */,
				7A7F192E266A7B2D0058DA98 /* EditNameViewController.swift */,
				7A7F1930266A7B3B0058DA98 /* EditBlocklistViewController.swift */,
				7A7F1926266A6DAE0058DA98 /* SettingsViewController.swift */,
				7A7F1928266A720D0058DA98 /* EditProfileViewController.swift */,
			);
			path = Profile;
			sourceTree = "<group>";
		};
		7AAFE4B0264C05EE00A20324 /* Challenge */ = {
			isa = PBXGroup;
			children = (
				7AAFE4B1264C060200A20324 /* ChallengeViewController.swift */,
				7A6B0515266E772E0047014C /* TutorialViewController.swift */,
			);
			path = Challenge;
			sourceTree = "<group>";
		};
		7AAFE4B5264C121500A20324 /* Calender */ = {
			isa = PBXGroup;
			children = (
				7AAFE4B6264C125300A20324 /* CalenderViewController.swift */,
			);
			path = Calender;
			sourceTree = "<group>";
		};
		7ACFDF7C2652E14F007B6B62 /* Calendar */ = {
			isa = PBXGroup;
			children = (
				7ACFDF7D2652E18B007B6B62 /* CalendarChallengeTableViewCell.swift */,
				7A6B050F266E2E0A0047014C /* PopUpMessage.swift */,
				7AFA8E51265952D600EFAE15 /* CalendarRecordTableViewCell.swift */,
				7A6B0511266E2FC80047014C /* FloatingButton.swift */,
			);
			path = Calendar;
			sourceTree = "<group>";
		};
		7AFE438F26613B8C00F94330 /* SignIn */ = {
			isa = PBXGroup;
			children = (
				7AFE439026613BA700F94330 /* SignInViewController.swift */,
				7A7F1920266A22250058DA98 /* PrivacyViewController.swift */,
			);
			path = SignIn;
			sourceTree = "<group>";
		};
		C09C60E96DB46533420E5524 /* Frameworks */ = {
			isa = PBXGroup;
			children = (
				C374A870328953E5950C01F1 /* Pods_Rosa.framework */,
			);
			name = Frameworks;
			sourceTree = "<group>";
		};
		C218572EBDBE494507410825 /* Pods */ = {
			isa = PBXGroup;
			children = (
				CBCA81D98234E9CED393A9B2 /* Pods-Rosa.debug.xcconfig */,
				F1DF160F36CA96BCB712C384 /* Pods-Rosa.release.xcconfig */,
			);
			path = Pods;
			sourceTree = "<group>";
		};
/* End PBXGroup section */

/* Begin PBXNativeTarget section */
		7A8DB505264BB62100EE6D9D /* Rosa */ = {
			isa = PBXNativeTarget;
			buildConfigurationList = 7A8DB51A264BB62100EE6D9D /* Build configuration list for PBXNativeTarget "Rosa" */;
			buildPhases = (
				BA83060693B8F66A447486ED /* [CP] Check Pods Manifest.lock */,
				7A8DB502264BB62100EE6D9D /* Sources */,
				7A8DB503264BB62100EE6D9D /* Frameworks */,
				7A8DB504264BB62100EE6D9D /* Resources */,
				7A24297A264BBB4F0069CB73 /* SwiftLint */,
				CD2DA1BCE170D80E0490BAA2 /* [CP] Embed Pods Frameworks */,
			);
			buildRules = (
			);
			dependencies = (
			);
			name = Rosa;
			productName = Rosa;
			productReference = 7A8DB506264BB62100EE6D9D /* Rosa.app */;
			productType = "com.apple.product-type.application";
		};
/* End PBXNativeTarget section */

/* Begin PBXProject section */
		7A8DB4FE264BB62100EE6D9D /* Project object */ = {
			isa = PBXProject;
			attributes = {
				LastSwiftUpdateCheck = 1250;
				LastUpgradeCheck = 1250;
				TargetAttributes = {
					7A8DB505264BB62100EE6D9D = {
						CreatedOnToolsVersion = 12.5;
					};
				};
			};
			buildConfigurationList = 7A8DB501264BB62100EE6D9D /* Build configuration list for PBXProject "Rosa" */;
			compatibilityVersion = "Xcode 9.3";
			developmentRegion = en;
			hasScannedForEncodings = 0;
			knownRegions = (
				en,
				Base,
			);
			mainGroup = 7A8DB4FD264BB62100EE6D9D;
			productRefGroup = 7A8DB507264BB62100EE6D9D /* Products */;
			projectDirPath = "";
			projectRoot = "";
			targets = (
				7A8DB505264BB62100EE6D9D /* Rosa */,
			);
		};
/* End PBXProject section */

/* Begin PBXResourcesBuildPhase section */
		7A8DB504264BB62100EE6D9D /* Resources */ = {
			isa = PBXResourcesBuildPhase;
			buildActionMask = 2147483647;
			files = (
				7A8DB516264BB62100EE6D9D /* LaunchScreen.storyboard in Resources */,
				7A605D1C266F7CB5007BF42B /* bouncingBall.json in Resources */,
				7AAFE499264BE3E800A20324 /* Profile.storyboard in Resources */,
				7A3E7F9826564CE6005F8768 /* GoogleService-Info.plist in Resources */,
				7A559D822664BED500F73F06 /* Lottie_girlWithFlowers.json in Resources */,
				7A8DB513264BB62100EE6D9D /* Assets.xcassets in Resources */,
				7AAFE48B264BE24B00A20324 /* Challenge.storyboard in Resources */,
				7A8DB511264BB62100EE6D9D /* Main.storyboard in Resources */,
				7AFE438E26613B8200F94330 /* SignIn.storyboard in Resources */,
				7AAFE493264BE29100A20324 /* Articles.storyboard in Resources */,
				7AAFE48D264BE25E00A20324 /* Record.storyboard in Resources */,
				7AAFE491264BE27A00A20324 /* Calender.storyboard in Resources */,
			);
			runOnlyForDeploymentPostprocessing = 0;
		};
/* End PBXResourcesBuildPhase section */

/* Begin PBXShellScriptBuildPhase section */
		7A24297A264BBB4F0069CB73 /* SwiftLint */ = {
			isa = PBXShellScriptBuildPhase;
			buildActionMask = 2147483647;
			files = (
			);
			inputFileListPaths = (
			);
			inputPaths = (
			);
			name = SwiftLint;
			outputFileListPaths = (
			);
			outputPaths = (
			);
			runOnlyForDeploymentPostprocessing = 0;
			shellPath = /bin/sh;
			shellScript = "\"${PODS_ROOT}/SwiftLint/swiftlint\"\n\n";
		};
		BA83060693B8F66A447486ED /* [CP] Check Pods Manifest.lock */ = {
			isa = PBXShellScriptBuildPhase;
			buildActionMask = 2147483647;
			files = (
			);
			inputFileListPaths = (
			);
			inputPaths = (
				"${PODS_PODFILE_DIR_PATH}/Podfile.lock",
				"${PODS_ROOT}/Manifest.lock",
			);
			name = "[CP] Check Pods Manifest.lock";
			outputFileListPaths = (
			);
			outputPaths = (
				"$(DERIVED_FILE_DIR)/Pods-Rosa-checkManifestLockResult.txt",
			);
			runOnlyForDeploymentPostprocessing = 0;
			shellPath = /bin/sh;
			shellScript = "diff \"${PODS_PODFILE_DIR_PATH}/Podfile.lock\" \"${PODS_ROOT}/Manifest.lock\" > /dev/null\nif [ $? != 0 ] ; then\n    # print error to STDERR\n    echo \"error: The sandbox is not in sync with the Podfile.lock. Run 'pod install' or update your CocoaPods installation.\" >&2\n    exit 1\nfi\n# This output is used by Xcode 'outputs' to avoid re-running this script phase.\necho \"SUCCESS\" > \"${SCRIPT_OUTPUT_FILE_0}\"\n";
			showEnvVarsInLog = 0;
		};
		CD2DA1BCE170D80E0490BAA2 /* [CP] Embed Pods Frameworks */ = {
			isa = PBXShellScriptBuildPhase;
			buildActionMask = 2147483647;
			files = (
			);
			inputFileListPaths = (
				"${PODS_ROOT}/Target Support Files/Pods-Rosa/Pods-Rosa-frameworks-${CONFIGURATION}-input-files.xcfilelist",
			);
			name = "[CP] Embed Pods Frameworks";
			outputFileListPaths = (
				"${PODS_ROOT}/Target Support Files/Pods-Rosa/Pods-Rosa-frameworks-${CONFIGURATION}-output-files.xcfilelist",
			);
			runOnlyForDeploymentPostprocessing = 0;
			shellPath = /bin/sh;
			shellScript = "\"${PODS_ROOT}/Target Support Files/Pods-Rosa/Pods-Rosa-frameworks.sh\"\n";
			showEnvVarsInLog = 0;
		};
/* End PBXShellScriptBuildPhase section */

/* Begin PBXSourcesBuildPhase section */
		7A8DB502264BB62100EE6D9D /* Sources */ = {
			isa = PBXSourcesBuildPhase;
			buildActionMask = 2147483647;
			files = (
				7A7F1925266A23D40058DA98 /* PrivacyTableViewCell.swift in Sources */,
				7AFA8E52265952D600EFAE15 /* CalendarRecordTableViewCell.swift in Sources */,
				7A5D9F842655571F007597A1 /* PhotoCell.swift in Sources */,
				7A3E7F9E2657A4AF005F8768 /* Challenge.swift in Sources */,
				7A2C2E7D264E28340078EBA2 /* HeaderCollectionReusableView.swift in Sources */,
				7A14BDFF265EA8CB00ED17E2 /* UIView+Message.swift in Sources */,
				7AAFE4B7264C125300A20324 /* CalenderViewController.swift in Sources */,
				7A247B0E2651216500E436D6 /* MealTableViewCell.swift in Sources */,
				7A7F192D266A77710058DA98 /* EditNameTableViewCell.swift in Sources */,
				7A7F1935266A8A070058DA98 /* BlocklistTableViewCell.swift in Sources */,
				7A37D6052652C4E9002DAAE4 /* ButtonsTableViewCell.swift in Sources */,
				7AAFE4A4264BE6A900A20324 /* UICollectionView+Extension.swift in Sources */,
				7A7F1921266A22250058DA98 /* PrivacyViewController.swift in Sources */,
				7A247B102651218D00E436D6 /* ActivityTableViewCell.swift in Sources */,
				7A6B01CD265168DD0018547E /* UIButton+Extension.swift in Sources */,
				7A7F1927266A6DAE0058DA98 /* SettingsViewController.swift in Sources */,
				7A8DB50E264BB62100EE6D9D /* MainViewController.swift in Sources */,
				7A7F1931266A7B3B0058DA98 /* EditBlocklistViewController.swift in Sources */,
				7A1C472C26557C0C00057CB4 /* PostViewController.swift in Sources */,
				7A8DB50A264BB62100EE6D9D /* AppDelegate.swift in Sources */,
				7ACD13362655129300B177F2 /* FilterTableViewCell.swift in Sources */,
				7A3E7F9A2657A1F5005F8768 /* RecordManager.swift in Sources */,
				7A6B0510266E2E0A0047014C /* PopUpMessage.swift in Sources */,
				7A44AE08265434900051781C /* SleepViewController.swift in Sources */,
				7AAFE4A9264C02D400A20324 /* RecordViewController.swift in Sources */,
				7A2C2E79264D59EA0078EBA2 /* HomeCollectionViewCell.swift in Sources */,
				7A5D9F862655572D007597A1 /* ContentCell.swift in Sources */,
				7AF6EDD92667C3D800F04200 /* Font.swift in Sources */,
				7A247B0A2651210200E436D6 /* PhotoTableViewCell.swift in Sources */,
				7AAFE4A2264BE66E00A20324 /* UITableView+Extension.swift in Sources */,
				7A7F192B266A775B0058DA98 /* EditPhotoTableViewCell.swift in Sources */,
				7A6B0512266E2FC80047014C /* FloatingButton.swift in Sources */,
				7A6B0516266E772E0047014C /* TutorialViewController.swift in Sources */,
				7A559D7E2663E71900F73F06 /* ArticleManager.swift in Sources */,
				7AAFE4AC264C031A00A20324 /* ArticlesViewController.swift in Sources */,
				7AAFE4B2264C060200A20324 /* ChallengeViewController.swift in Sources */,
				7A247B0C2651215800E436D6 /* StatusTableViewCell.swift in Sources */,
				7A1C472F26561F5500057CB4 /* ArticleCollectionViewCell.swift in Sources */,
				7AAFE4B4264C09E500A20324 /* RecordDetailViewController.swift in Sources */,
				7AAFE4AF264C035E00A20324 /* ProfileViewController.swift in Sources */,
				7A247B122651219C00E436D6 /* RemarkTableViewCell.swift in Sources */,
				7A14BDFD265EA6A300ED17E2 /* SuccessPopUpView.swift in Sources */,
				7A3E7FA22657A4CD005F8768 /* ChallengeManager.swift in Sources */,
				7A5D9F8826555739007597A1 /* CommentCell.swift in Sources */,
				7A3E7FA02657A4B9005F8768 /* User.swift in Sources */,
				7A7F1933266A7F5C0058DA98 /* EditBlocklistTableViewCell.swift in Sources */,
				7A3E7FA42657A4D8005F8768 /* UserManager.swift in Sources */,
				7A247B062651206C00E436D6 /* WeatherTableViewCell.swift in Sources */,
				7ACD13382655320100B177F2 /* ArticleDetailViewController.swift in Sources */,
				7A9B1ACF264D18BD00B47009 /* CollectionViewCell.swift in Sources */,
				7A3E7F9C2657A279005F8768 /* Record.swift in Sources */,
				7A7F192F266A7B2D0058DA98 /* EditNameViewController.swift in Sources */,
				7A3E7FA62657A5F2005F8768 /* Article.swift in Sources */,
				7ACFDF7E2652E18B007B6B62 /* CalendarChallengeTableViewCell.swift in Sources */,
				7A20F636264CF4DA00019D3D /* UIColor+Extension.swift in Sources */,
				7A475C732652BA1B00A26CF8 /* ChallengeCollectionViewCell.swift in Sources */,
				7A329BCD2662B1A800DE4630 /* ChartXAxisFormatter.swift in Sources */,
				7A7F1929266A720D0058DA98 /* EditProfileViewController.swift in Sources */,
				7AAFE4A0264BE64600A20324 /* UIView+Extension.swift in Sources */,
				7A489FC92666865300B692A9 /* NoCommentCell.swift in Sources */,
				7A247B08265120F200E436D6 /* RoutineTableViewCell.swift in Sources */,
				7AFE439126613BA700F94330 /* SignInViewController.swift in Sources */,
				7A44AE06265434830051781C /* WaterViewController.swift in Sources */,
				7AFE438B2660E86800F94330 /* Date+Extension.swift in Sources */,
				7A8DB50C264BB62100EE6D9D /* SceneDelegate.swift in Sources */,
			);
			runOnlyForDeploymentPostprocessing = 0;
		};
/* End PBXSourcesBuildPhase section */

/* Begin PBXVariantGroup section */
		7A8DB50F264BB62100EE6D9D /* Main.storyboard */ = {
			isa = PBXVariantGroup;
			children = (
				7A8DB510264BB62100EE6D9D /* Base */,
			);
			name = Main.storyboard;
			sourceTree = "<group>";
		};
		7A8DB514264BB62100EE6D9D /* LaunchScreen.storyboard */ = {
			isa = PBXVariantGroup;
			children = (
				7A8DB515264BB62100EE6D9D /* Base */,
			);
			name = LaunchScreen.storyboard;
			sourceTree = "<group>";
		};
/* End PBXVariantGroup section */

/* Begin XCBuildConfiguration section */
		7A8DB518264BB62100EE6D9D /* Debug */ = {
			isa = XCBuildConfiguration;
			buildSettings = {
				ALWAYS_SEARCH_USER_PATHS = NO;
				CLANG_ANALYZER_NONNULL = YES;
				CLANG_ANALYZER_NUMBER_OBJECT_CONVERSION = YES_AGGRESSIVE;
				CLANG_CXX_LANGUAGE_STANDARD = "gnu++14";
				CLANG_CXX_LIBRARY = "libc++";
				CLANG_ENABLE_MODULES = YES;
				CLANG_ENABLE_OBJC_ARC = YES;
				CLANG_ENABLE_OBJC_WEAK = YES;
				CLANG_WARN_BLOCK_CAPTURE_AUTORELEASING = YES;
				CLANG_WARN_BOOL_CONVERSION = YES;
				CLANG_WARN_COMMA = YES;
				CLANG_WARN_CONSTANT_CONVERSION = YES;
				CLANG_WARN_DEPRECATED_OBJC_IMPLEMENTATIONS = YES;
				CLANG_WARN_DIRECT_OBJC_ISA_USAGE = YES_ERROR;
				CLANG_WARN_DOCUMENTATION_COMMENTS = YES;
				CLANG_WARN_EMPTY_BODY = YES;
				CLANG_WARN_ENUM_CONVERSION = YES;
				CLANG_WARN_INFINITE_RECURSION = YES;
				CLANG_WARN_INT_CONVERSION = YES;
				CLANG_WARN_NON_LITERAL_NULL_CONVERSION = YES;
				CLANG_WARN_OBJC_IMPLICIT_RETAIN_SELF = YES;
				CLANG_WARN_OBJC_LITERAL_CONVERSION = YES;
				CLANG_WARN_OBJC_ROOT_CLASS = YES_ERROR;
				CLANG_WARN_QUOTED_INCLUDE_IN_FRAMEWORK_HEADER = YES;
				CLANG_WARN_RANGE_LOOP_ANALYSIS = YES;
				CLANG_WARN_STRICT_PROTOTYPES = YES;
				CLANG_WARN_SUSPICIOUS_MOVE = YES;
				CLANG_WARN_UNGUARDED_AVAILABILITY = YES_AGGRESSIVE;
				CLANG_WARN_UNREACHABLE_CODE = YES;
				CLANG_WARN__DUPLICATE_METHOD_MATCH = YES;
				COPY_PHASE_STRIP = NO;
				DEBUG_INFORMATION_FORMAT = dwarf;
				ENABLE_STRICT_OBJC_MSGSEND = YES;
				ENABLE_TESTABILITY = YES;
				GCC_C_LANGUAGE_STANDARD = gnu11;
				GCC_DYNAMIC_NO_PIC = NO;
				GCC_NO_COMMON_BLOCKS = YES;
				GCC_OPTIMIZATION_LEVEL = 0;
				GCC_PREPROCESSOR_DEFINITIONS = (
					"DEBUG=1",
					"$(inherited)",
				);
				GCC_WARN_64_TO_32_BIT_CONVERSION = YES;
				GCC_WARN_ABOUT_RETURN_TYPE = YES_ERROR;
				GCC_WARN_UNDECLARED_SELECTOR = YES;
				GCC_WARN_UNINITIALIZED_AUTOS = YES_AGGRESSIVE;
				GCC_WARN_UNUSED_FUNCTION = YES;
				GCC_WARN_UNUSED_VARIABLE = YES;
				IPHONEOS_DEPLOYMENT_TARGET = 14.5;
				MTL_ENABLE_DEBUG_INFO = INCLUDE_SOURCE;
				MTL_FAST_MATH = YES;
				ONLY_ACTIVE_ARCH = YES;
				SDKROOT = iphoneos;
				SWIFT_ACTIVE_COMPILATION_CONDITIONS = DEBUG;
				SWIFT_OPTIMIZATION_LEVEL = "-Onone";
			};
			name = Debug;
		};
		7A8DB519264BB62100EE6D9D /* Release */ = {
			isa = XCBuildConfiguration;
			buildSettings = {
				ALWAYS_SEARCH_USER_PATHS = NO;
				CLANG_ANALYZER_NONNULL = YES;
				CLANG_ANALYZER_NUMBER_OBJECT_CONVERSION = YES_AGGRESSIVE;
				CLANG_CXX_LANGUAGE_STANDARD = "gnu++14";
				CLANG_CXX_LIBRARY = "libc++";
				CLANG_ENABLE_MODULES = YES;
				CLANG_ENABLE_OBJC_ARC = YES;
				CLANG_ENABLE_OBJC_WEAK = YES;
				CLANG_WARN_BLOCK_CAPTURE_AUTORELEASING = YES;
				CLANG_WARN_BOOL_CONVERSION = YES;
				CLANG_WARN_COMMA = YES;
				CLANG_WARN_CONSTANT_CONVERSION = YES;
				CLANG_WARN_DEPRECATED_OBJC_IMPLEMENTATIONS = YES;
				CLANG_WARN_DIRECT_OBJC_ISA_USAGE = YES_ERROR;
				CLANG_WARN_DOCUMENTATION_COMMENTS = YES;
				CLANG_WARN_EMPTY_BODY = YES;
				CLANG_WARN_ENUM_CONVERSION = YES;
				CLANG_WARN_INFINITE_RECURSION = YES;
				CLANG_WARN_INT_CONVERSION = YES;
				CLANG_WARN_NON_LITERAL_NULL_CONVERSION = YES;
				CLANG_WARN_OBJC_IMPLICIT_RETAIN_SELF = YES;
				CLANG_WARN_OBJC_LITERAL_CONVERSION = YES;
				CLANG_WARN_OBJC_ROOT_CLASS = YES_ERROR;
				CLANG_WARN_QUOTED_INCLUDE_IN_FRAMEWORK_HEADER = YES;
				CLANG_WARN_RANGE_LOOP_ANALYSIS = YES;
				CLANG_WARN_STRICT_PROTOTYPES = YES;
				CLANG_WARN_SUSPICIOUS_MOVE = YES;
				CLANG_WARN_UNGUARDED_AVAILABILITY = YES_AGGRESSIVE;
				CLANG_WARN_UNREACHABLE_CODE = YES;
				CLANG_WARN__DUPLICATE_METHOD_MATCH = YES;
				COPY_PHASE_STRIP = NO;
				DEBUG_INFORMATION_FORMAT = "dwarf-with-dsym";
				ENABLE_NS_ASSERTIONS = NO;
				ENABLE_STRICT_OBJC_MSGSEND = YES;
				GCC_C_LANGUAGE_STANDARD = gnu11;
				GCC_NO_COMMON_BLOCKS = YES;
				GCC_WARN_64_TO_32_BIT_CONVERSION = YES;
				GCC_WARN_ABOUT_RETURN_TYPE = YES_ERROR;
				GCC_WARN_UNDECLARED_SELECTOR = YES;
				GCC_WARN_UNINITIALIZED_AUTOS = YES_AGGRESSIVE;
				GCC_WARN_UNUSED_FUNCTION = YES;
				GCC_WARN_UNUSED_VARIABLE = YES;
				IPHONEOS_DEPLOYMENT_TARGET = 14.5;
				MTL_ENABLE_DEBUG_INFO = NO;
				MTL_FAST_MATH = YES;
				SDKROOT = iphoneos;
				SWIFT_COMPILATION_MODE = wholemodule;
				SWIFT_OPTIMIZATION_LEVEL = "-O";
				VALIDATE_PRODUCT = YES;
			};
			name = Release;
		};
		7A8DB51B264BB62100EE6D9D /* Debug */ = {
			isa = XCBuildConfiguration;
			baseConfigurationReference = CBCA81D98234E9CED393A9B2 /* Pods-Rosa.debug.xcconfig */;
			buildSettings = {
				ASSETCATALOG_COMPILER_APPICON_NAME = AppIcon;
				ASSETCATALOG_COMPILER_GLOBAL_ACCENT_COLOR_NAME = AccentColor;
				CODE_SIGN_ENTITLEMENTS = Rosa/Rosa.entitlements;
				CODE_SIGN_STYLE = Automatic;
				DEVELOPMENT_TEAM = ZD95UZDB52;
				INFOPLIST_FILE = Rosa/Info.plist;
				LD_RUNPATH_SEARCH_PATHS = (
					"$(inherited)",
					"@executable_path/Frameworks",
				);
				PRODUCT_BUNDLE_IDENTIFIER = com.aimeeyeh.Rosa;
				PRODUCT_NAME = "$(TARGET_NAME)";
				SWIFT_VERSION = 5.0;
				TARGETED_DEVICE_FAMILY = "1,2";
			};
			name = Debug;
		};
		7A8DB51C264BB62100EE6D9D /* Release */ = {
			isa = XCBuildConfiguration;
			baseConfigurationReference = F1DF160F36CA96BCB712C384 /* Pods-Rosa.release.xcconfig */;
			buildSettings = {
				ASSETCATALOG_COMPILER_APPICON_NAME = AppIcon;
				ASSETCATALOG_COMPILER_GLOBAL_ACCENT_COLOR_NAME = AccentColor;
				CODE_SIGN_ENTITLEMENTS = Rosa/Rosa.entitlements;
				CODE_SIGN_STYLE = Automatic;
				DEVELOPMENT_TEAM = ZD95UZDB52;
				INFOPLIST_FILE = Rosa/Info.plist;
				LD_RUNPATH_SEARCH_PATHS = (
					"$(inherited)",
					"@executable_path/Frameworks",
				);
				PRODUCT_BUNDLE_IDENTIFIER = com.aimeeyeh.Rosa;
				PRODUCT_NAME = "$(TARGET_NAME)";
				SWIFT_VERSION = 5.0;
				TARGETED_DEVICE_FAMILY = "1,2";
			};
			name = Release;
		};
/* End XCBuildConfiguration section */

/* Begin XCConfigurationList section */
		7A8DB501264BB62100EE6D9D /* Build configuration list for PBXProject "Rosa" */ = {
			isa = XCConfigurationList;
			buildConfigurations = (
				7A8DB518264BB62100EE6D9D /* Debug */,
				7A8DB519264BB62100EE6D9D /* Release */,
			);
			defaultConfigurationIsVisible = 0;
			defaultConfigurationName = Release;
		};
		7A8DB51A264BB62100EE6D9D /* Build configuration list for PBXNativeTarget "Rosa" */ = {
			isa = XCConfigurationList;
			buildConfigurations = (
				7A8DB51B264BB62100EE6D9D /* Debug */,
				7A8DB51C264BB62100EE6D9D /* Release */,
			);
			defaultConfigurationIsVisible = 0;
			defaultConfigurationName = Release;
		};
/* End XCConfigurationList section */
	};
	rootObject = 7A8DB4FE264BB62100EE6D9D /* Project object */;
}
